Microsoft Visual Studio Solution File, Format Version 12.00
# Visual Studio Version 17
VisualStudioVersion = 17.5.2.0
MinimumVisualStudioVersion = 10.0.40219.1
Project("{FAE04EC0-301F-11D3-BF4B-00C04F79EFBC}") = "ExcelTestLoader", "ExcelTestLoader\ExcelTestLoader.csproj", "{011F7D89-9FEB-B2F0-180D-7937750ADAD2}"
EndProject
Project("{FAE04EC0-301F-11D3-BF4B-00C04F79EFBC}") = "MBusCommunication", "MBusProtocolCommunication\MBusCommunication.csproj", "{8542DA4F-0FA8-9C33-8179-BD45372845AA}"
EndProject
Project("{FAE04EC0-301F-11D3-BF4B-00C04F79EFBC}") = "TestStandJsonParser", "TestStandJsonParser\TestStandJsonParser.csproj", "{EE77DB09-EEBF-63AB-34E8-8D0BEC60C040}"
EndProject
Global
	GlobalSection(SolutionConfigurationPlatforms) = preSolution
		Debug|Any CPU = Debug|Any CPU
		Release|Any CPU = Release|Any CPU
	EndGlobalSection
	GlobalSection(ProjectConfigurationPlatforms) = postSolution
		{011F7D89-9FEB-B2F0-180D-7937750ADAD2}.Debug|Any CPU.ActiveCfg = Debug|Any CPU
		{011F7D89-9FEB-B2F0-180D-7937750ADAD2}.Debug|Any CPU.Build.0 = Debug|Any CPU
		{011F7D89-9FEB-B2F0-180D-7937750ADAD2}.Release|Any CPU.ActiveCfg = Release|Any CPU
		{011F7D89-9FEB-B2F0-180D-7937750ADAD2}.Release|Any CPU.Build.0 = Release|Any CPU
		{8542DA4F-0FA8-9C33-8179-BD45372845AA}.Debug|Any CPU.ActiveCfg = Debug|Any CPU
		{8542DA4F-0FA8-9C33-8179-BD45372845AA}.Debug|Any CPU.Build.0 = Debug|Any CPU
		{8542DA4F-0FA8-9C33-8179-BD45372845AA}.Release|Any CPU.ActiveCfg = Release|Any CPU
		{8542DA4F-0FA8-9C33-8179-BD45372845AA}.Release|Any CPU.Build.0 = Release|Any CPU
		{EE77DB09-EEBF-63AB-34E8-8D0BEC60C040}.Debug|Any CPU.ActiveCfg = Debug|Any CPU
		{EE77DB09-EEBF-63AB-34E8-8D0BEC60C040}.Debug|Any CPU.Build.0 = Debug|Any CPU
		{EE77DB09-EEBF-63AB-34E8-8D0BEC60C040}.Release|Any CPU.ActiveCfg = Release|Any CPU
		{EE77DB09-EEBF-63AB-34E8-8D0BEC60C040}.Release|Any CPU.Build.0 = Release|Any CPU
	EndGlobalSection
	GlobalSection(SolutionProperties) = preSolution
		HideSolutionNode = FALSE
	EndGlobalSection
	GlobalSection(ExtensibilityGlobals) = postSolution
		SolutionGuid = {A9FE9E64-9953-4449-8F17-4B1397C5F732}
	EndGlobalSection
EndGlobal
